
Microsoft Visual Studio Solution File, Format Version 12.00
# Visual Studio Version 17
VisualStudioVersion = 17.7.34024.191
MinimumVisualStudioVersion = 10.0.40219.1
Project("{FAE04EC0-301F-11D3-BF4B-00C04F79EFBC}") = "WinFormsApp", "WinFormsApp\WinFormsApp.csproj", "{278F5D3F-B726-412E-913F-E4BDE9349572}"
EndProject
Project("{FAE04EC0-301F-11D3-BF4B-00C04F79EFBC}") = "Biblioteca", "Biblioteca\Biblioteca.csproj", "{710E232A-E9B5-49FA-A9CC-74134336D097}"
EndProject
Global
	GlobalSection(SolutionConfigurationPlatforms) = preSolution
		Debug|Any CPU = Debug|Any CPU
		Release|Any CPU = Release|Any CPU
	EndGlobalSection
	GlobalSection(ProjectConfigurationPlatforms) = postSolution
		{278F5D3F-B726-412E-913F-E4BDE9349572}.Debug|Any CPU.ActiveCfg = Debug|Any CPU
		{278F5D3F-B726-412E-913F-E4BDE9349572}.Debug|Any CPU.Build.0 = Debug|Any CPU
		{278F5D3F-B726-412E-913F-E4BDE9349572}.Release|Any CPU.ActiveCfg = Release|Any CPU
		{278F5D3F-B726-412E-913F-E4BDE9349572}.Release|Any CPU.Build.0 = Release|Any CPU
		{710E232A-E9B5-49FA-A9CC-74134336D097}.Debug|Any CPU.ActiveCfg = Debug|Any CPU
		{710E232A-E9B5-49FA-A9CC-74134336D097}.Debug|Any CPU.Build.0 = Debug|Any CPU
		{710E232A-E9B5-49FA-A9CC-74134336D097}.Release|Any CPU.ActiveCfg = Release|Any CPU
		{710E232A-E9B5-49FA-A9CC-74134336D097}.Release|Any CPU.Build.0 = Release|Any CPU
	EndGlobalSection
	GlobalSection(SolutionProperties) = preSolution
		HideSolutionNode = FALSE
	EndGlobalSection
	GlobalSection(ExtensibilityGlobals) = postSolution
		SolutionGuid = {FBFF2084-00CA-4D61-A963-31B0268F5C3B}
	EndGlobalSection
EndGlobal
